
Microsoft Visual Studio Solution File, Format Version 12.00
# Visual Studio Version 17
VisualStudioVersion = 17.4.33122.133
MinimumVisualStudioVersion = 10.0.40219.1
Project("{9A19103F-16F7-4668-BE54-9A1E7A4F7556}") = "Day01", "Day1\Day01.csproj", "{DA74C31D-1CB8-444B-B94B-640EB37BF112}"
EndProject
Project("{9A19103F-16F7-4668-BE54-9A1E7A4F7556}") = "Utility", "Utility\Utility.csproj", "{F1CD9E19-1C24-4A01-A826-53627699E53C}"
EndProject
Project("{9A19103F-16F7-4668-BE54-9A1E7A4F7556}") = "Day02", "Day02\Day02.csproj", "{4831ABBC-C22C-4638-AC15-D9F0D965E601}"
EndProject
Project("{9A19103F-16F7-4668-BE54-9A1E7A4F7556}") = "Day03", "Day03\Day03.csproj", "{3E1701EB-219E-4111-A268-015E23D977B9}"
EndProject
Project("{9A19103F-16F7-4668-BE54-9A1E7A4F7556}") = "Day04", "Day04\Day04.csproj", "{E44E738E-2D2F-4B3A-9971-1EC7BF0593D3}"
EndProject
Project("{9A19103F-16F7-4668-BE54-9A1E7A4F7556}") = "Day05", "Day05\Day05.csproj", "{161291F3-B84B-4B41-932D-F86CDB93118B}"
EndProject
Project("{9A19103F-16F7-4668-BE54-9A1E7A4F7556}") = "Day06", "Day06\Day06.csproj", "{82796210-DAC9-4B29-9AE4-0C46224DB660}"
EndProject
Project("{FAE04EC0-301F-11D3-BF4B-00C04F79EFBC}") = "Day07", "Day07\Day07.csproj", "{88F4DE80-5776-4C9E-B936-E5717A4ED635}"
EndProject
Global
	GlobalSection(SolutionConfigurationPlatforms) = preSolution
		Debug|Any CPU = Debug|Any CPU
		Release|Any CPU = Release|Any CPU
	EndGlobalSection
	GlobalSection(ProjectConfigurationPlatforms) = postSolution
		{DA74C31D-1CB8-444B-B94B-640EB37BF112}.Debug|Any CPU.ActiveCfg = Debug|Any CPU
		{DA74C31D-1CB8-444B-B94B-640EB37BF112}.Debug|Any CPU.Build.0 = Debug|Any CPU
		{DA74C31D-1CB8-444B-B94B-640EB37BF112}.Release|Any CPU.ActiveCfg = Release|Any CPU
		{DA74C31D-1CB8-444B-B94B-640EB37BF112}.Release|Any CPU.Build.0 = Release|Any CPU
		{F1CD9E19-1C24-4A01-A826-53627699E53C}.Debug|Any CPU.ActiveCfg = Debug|Any CPU
		{F1CD9E19-1C24-4A01-A826-53627699E53C}.Debug|Any CPU.Build.0 = Debug|Any CPU
		{F1CD9E19-1C24-4A01-A826-53627699E53C}.Release|Any CPU.ActiveCfg = Release|Any CPU
		{F1CD9E19-1C24-4A01-A826-53627699E53C}.Release|Any CPU.Build.0 = Release|Any CPU
		{4831ABBC-C22C-4638-AC15-D9F0D965E601}.Debug|Any CPU.ActiveCfg = Debug|Any CPU
		{4831ABBC-C22C-4638-AC15-D9F0D965E601}.Debug|Any CPU.Build.0 = Debug|Any CPU
		{4831ABBC-C22C-4638-AC15-D9F0D965E601}.Release|Any CPU.ActiveCfg = Release|Any CPU
		{4831ABBC-C22C-4638-AC15-D9F0D965E601}.Release|Any CPU.Build.0 = Release|Any CPU
		{3E1701EB-219E-4111-A268-015E23D977B9}.Debug|Any CPU.ActiveCfg = Debug|Any CPU
		{3E1701EB-219E-4111-A268-015E23D977B9}.Debug|Any CPU.Build.0 = Debug|Any CPU
		{3E1701EB-219E-4111-A268-015E23D977B9}.Release|Any CPU.ActiveCfg = Release|Any CPU
		{3E1701EB-219E-4111-A268-015E23D977B9}.Release|Any CPU.Build.0 = Release|Any CPU
		{E44E738E-2D2F-4B3A-9971-1EC7BF0593D3}.Debug|Any CPU.ActiveCfg = Debug|Any CPU
		{E44E738E-2D2F-4B3A-9971-1EC7BF0593D3}.Debug|Any CPU.Build.0 = Debug|Any CPU
		{E44E738E-2D2F-4B3A-9971-1EC7BF0593D3}.Release|Any CPU.ActiveCfg = Release|Any CPU
		{E44E738E-2D2F-4B3A-9971-1EC7BF0593D3}.Release|Any CPU.Build.0 = Release|Any CPU
		{161291F3-B84B-4B41-932D-F86CDB93118B}.Debug|Any CPU.ActiveCfg = Debug|Any CPU
		{161291F3-B84B-4B41-932D-F86CDB93118B}.Debug|Any CPU.Build.0 = Debug|Any CPU
		{161291F3-B84B-4B41-932D-F86CDB93118B}.Release|Any CPU.ActiveCfg = Release|Any CPU
		{161291F3-B84B-4B41-932D-F86CDB93118B}.Release|Any CPU.Build.0 = Release|Any CPU
		{82796210-DAC9-4B29-9AE4-0C46224DB660}.Debug|Any CPU.ActiveCfg = Debug|Any CPU
		{82796210-DAC9-4B29-9AE4-0C46224DB660}.Debug|Any CPU.Build.0 = Debug|Any CPU
		{82796210-DAC9-4B29-9AE4-0C46224DB660}.Release|Any CPU.ActiveCfg = Release|Any CPU
		{82796210-DAC9-4B29-9AE4-0C46224DB660}.Release|Any CPU.Build.0 = Release|Any CPU
		{88F4DE80-5776-4C9E-B936-E5717A4ED635}.Debug|Any CPU.ActiveCfg = Debug|Any CPU
		{88F4DE80-5776-4C9E-B936-E5717A4ED635}.Debug|Any CPU.Build.0 = Debug|Any CPU
		{88F4DE80-5776-4C9E-B936-E5717A4ED635}.Release|Any CPU.ActiveCfg = Release|Any CPU
		{88F4DE80-5776-4C9E-B936-E5717A4ED635}.Release|Any CPU.Build.0 = Release|Any CPU
	EndGlobalSection
	GlobalSection(SolutionProperties) = preSolution
		HideSolutionNode = FALSE
	EndGlobalSection
	GlobalSection(ExtensibilityGlobals) = postSolution
		SolutionGuid = {D1B59978-21FD-43FC-80A7-1ADB23379953}
	EndGlobalSection
EndGlobal
